
Microsoft Visual Studio Solution File, Format Version 12.00
# Visual Studio Version 17
VisualStudioVersion = 17.11.35327.3
MinimumVisualStudioVersion = 10.0.40219.1
Project("{FAE04EC0-301F-11D3-BF4B-00C04F79EFBC}") = "FlybyScript", "FlybyScript\FlybyScript.csproj", "{66DDC36A-9095-4053-941C-8829D44F5F20}"
EndProject
Global
	GlobalSection(SolutionConfigurationPlatforms) = preSolution
		Debug|Any CPU = Debug|Any CPU
		Release|Any CPU = Release|Any CPU
	EndGlobalSection
	GlobalSection(ProjectConfigurationPlatforms) = postSolution
		{66DDC36A-9095-4053-941C-8829D44F5F20}.Debug|Any CPU.ActiveCfg = Debug|Any CPU
		{66DDC36A-9095-4053-941C-8829D44F5F20}.Debug|Any CPU.Build.0 = Debug|Any CPU
		{66DDC36A-9095-4053-941C-8829D44F5F20}.Release|Any CPU.ActiveCfg = Release|Any CPU
		{66DDC36A-9095-4053-941C-8829D44F5F20}.Release|Any CPU.Build.0 = Release|Any CPU
	EndGlobalSection
	GlobalSection(SolutionProperties) = preSolution
		HideSolutionNode = FALSE
	EndGlobalSection
	GlobalSection(ExtensibilityGlobals) = postSolution
		SolutionGuid = {81315C08-1240-44F0-AAEF-36C5A1C885B8}
	EndGlobalSection
EndGlobal
